
Microsoft Visual Studio Solution File, Format Version 12.00
# Visual Studio Version 17
VisualStudioVersion = 17.14.36221.1
MinimumVisualStudioVersion = 10.0.40219.1
Project("{FAE04EC0-301F-11D3-BF4B-00C04F79EFBC}") = "EventBus.Base", "EventBus.Base\EventBus.Base.csproj", "{1BF0219A-D09B-4930-BD7C-FE48F6A110E6}"
EndProject
Project("{FAE04EC0-301F-11D3-BF4B-00C04F79EFBC}") = "EventBus.Factory", "EventBus.Factory\EventBus.Factory.csproj", "{03E6780E-1A4F-4FE3-A99A-611DDE5BFA4F}"
EndProject
Project("{FAE04EC0-301F-11D3-BF4B-00C04F79EFBC}") = "EventBus.AzureServiceBus", "EventBus.AzureServiceBus\EventBus.AzureServiceBus.csproj", "{A40E5C86-6CB8-4DD1-AE60-E13918A4D671}"
EndProject
Project("{FAE04EC0-301F-11D3-BF4B-00C04F79EFBC}") = "EventBus.RabbitMQ", "EventBus.RabbitMQ\EventBus.RabbitMQ.csproj", "{CC92B2F1-D780-4F5C-885E-A9839DB7F646}"
EndProject
Project("{FAE04EC0-301F-11D3-BF4B-00C04F79EFBC}") = "EventBus.UnitTests", "EventBus.UnitTests\EventBus.UnitTests.csproj", "{D7E03D93-710B-45A5-AB42-DAF016759FD9}"
EndProject
Project("{2150E333-8FDC-42A3-9474-1A3956D46DE8}") = "Services", "Services", "{02EA681E-C7D8-13C7-8484-4AC65E1B71E8}"
EndProject
Project("{2150E333-8FDC-42A3-9474-1A3956D46DE8}") = "IdentityService", "IdentityService", "{68C90571-4547-4491-ADBC-828639374EA2}"
EndProject
Project("{FAE04EC0-301F-11D3-BF4B-00C04F79EFBC}") = "IdentityService", "Services\IdentityService\IdentityService\IdentityService.csproj", "{0461E531-5183-431A-A66A-12EB1D52B757}"
EndProject
Project("{2150E333-8FDC-42A3-9474-1A3956D46DE8}") = "src", "src", "{7C5D1227-4E00-4208-A1AB-369C2EFAB6FB}"
EndProject
Project("{2150E333-8FDC-42A3-9474-1A3956D46DE8}") = "AppGateways", "AppGateways", "{9141B485-B5DF-43EE-ADEF-BA0B4B6B0519}"
EndProject
Project("{2150E333-8FDC-42A3-9474-1A3956D46DE8}") = "WebAppGateway", "WebAppGateway", "{54944729-851F-464B-9B23-4F5EBEDD86B9}"
EndProject
Project("{FAE04EC0-301F-11D3-BF4B-00C04F79EFBC}") = "Web.ApiGateway", "src\AppGateways\WebAppGateway\Web.ApiGateway\Web.ApiGateway.csproj", "{8E39DAA1-037A-43AE-8D35-7F993949F4A9}"
EndProject
Project("{2150E333-8FDC-42A3-9474-1A3956D46DE8}") = "Client", "Client", "{F00B36FE-DEBF-4B97-99A5-EF9E0835C582}"
EndProject
Project("{2150E333-8FDC-42A3-9474-1A3956D46DE8}") = "BlazorWebApp", "BlazorWebApp", "{ACE8DB58-5B56-45AD-AC08-D0682D114E0A}"
EndProject
Project("{FAE04EC0-301F-11D3-BF4B-00C04F79EFBC}") = "WebApp", "src\Client\BlazorWebApp\WebApp\WebApp.csproj", "{EEA6B069-1718-4234-8E5E-D81DFB9AC747}"
EndProject
Project("{2150E333-8FDC-42A3-9474-1A3956D46DE8}") = "CatalogService", "CatalogService", "{0907D5CC-FBF1-4BA9-A63D-9B6D7BA13E00}"
EndProject
Project("{FAE04EC0-301F-11D3-BF4B-00C04F79EFBC}") = "CatalogService.Api", "Services\CatalogService\CatalogService.Api\CatalogService.Api.csproj", "{1912A3E3-D86E-480E-ABD3-F16C7B59A23C}"
EndProject
Project("{E53339B2-1760-4266-BCC7-CA923CBCF16C}") = "docker-compose", "docker-compose.dcproj", "{81DDED9D-158B-E303-5F62-77A2896D2A5A}"
EndProject
Project("{2150E333-8FDC-42A3-9474-1A3956D46DE8}") = "OCRService", "OCRService", "{6B383927-837A-41CF-BFF6-D46FC557D8C8}"
EndProject
Project("{FAE04EC0-301F-11D3-BF4B-00C04F79EFBC}") = "OCRService.Api", "Services\OCRService\OCRService.Api\OCRService.Api.csproj", "{6CB4C2CA-B839-424A-9216-7AEA1AAA8319}"
EndProject
Project("{2150E333-8FDC-42A3-9474-1A3956D46DE8}") = "Nginx", "Nginx", "{F5E3CC63-52A5-4F28-8342-B51C1E8FA413}"
	ProjectSection(SolutionItems) = preProject
		Nginx\Dockerfile = Nginx\Dockerfile
		Nginx\nginx.conf = Nginx\nginx.conf
	EndProjectSection
EndProject
Project("{2150E333-8FDC-42A3-9474-1A3956D46DE8}") = "conf.d", "conf.d", "{0B20C76B-62F2-4839-932E-6BADFB5FC08D}"
	ProjectSection(SolutionItems) = preProject
		Nginx\conf.d\dijitalmasraf.conf = Nginx\conf.d\dijitalmasraf.conf
		Nginx\conf.d\minio-https.conf = Nginx\conf.d\minio-https.conf
	EndProjectSection
EndProject
Project("{2150E333-8FDC-42A3-9474-1A3956D46DE8}") = "Solution Items", "Solution Items", "{8EC462FD-D22E-90A8-E5CE-7E832BA40C5D}"
	ProjectSection(SolutionItems) = preProject
		.env = .env
		Jenkinsfile = Jenkinsfile
	EndProjectSection
EndProject
Project("{2150E333-8FDC-42A3-9474-1A3956D46DE8}") = "FileApiService", "FileApiService", "{B31F8216-A56C-4F3E-95F5-4184869C8769}"
EndProject
Project("{FAE04EC0-301F-11D3-BF4B-00C04F79EFBC}") = "FileApiService.Api", "Services\FileApiService\FileApiService.Api\FileApiService.Api.csproj", "{B8A1BE48-0566-48B0-9D53-9F2BBA367681}"
EndProject
Project("{2150E333-8FDC-42A3-9474-1A3956D46DE8}") = "Event", "Event", "{986184D3-9A7D-4066-8A30-FAC090F771DB}"
EndProject
Project("{2150E333-8FDC-42A3-9474-1A3956D46DE8}") = "NotificationService", "NotificationService", "{43E39784-810D-46CC-B985-2945714260C5}"
EndProject
Project("{FAE04EC0-301F-11D3-BF4B-00C04F79EFBC}") = "NotificationService.Console", "Services\NotificationService\NotificationService.Console\NotificationService.Console.csproj", "{42C0F09E-003A-491D-8665-45715702D5F8}"
EndProject
Project("{2150E333-8FDC-42A3-9474-1A3956D46DE8}") = "Sovos", "Sovos", "{99A95BB5-35C2-DB0B-2927-09C59EB8DA8A}"
	ProjectSection(SolutionItems) = preProject
		..\..\Users\cengi\OneDrive\Masaüstü\adim_8_prompt.md = ..\..\Users\cengi\OneDrive\Masaüstü\adim_8_prompt.md
	EndProjectSection
EndProject
Project("{FAE04EC0-301F-11D3-BF4B-00C04F79EFBC}") = "Sovos.InvoiceWorker.Core", "Sovos\Sovos.InvoiceWorker.Core\Sovos.InvoiceWorker.Core.csproj", "{5FBCDA32-E6F5-4A19-9535-A21DD8AD055E}"
EndProject
Project("{FAE04EC0-301F-11D3-BF4B-00C04F79EFBC}") = "Sovos.InvoiceWorker", "Sovos\Sovos.InvoiceWorker\Sovos.InvoiceWorker.csproj", "{6DD28E0E-A19B-42F1-855C-D4EC52F5125B}"
EndProject
Project("{FAE04EC0-301F-11D3-BF4B-00C04F79EFBC}") = "Sovos.InvoiceWorker.Tests", "Sovos\Sovos.InvoiceWorker.Tests\Sovos.InvoiceWorker.Tests.csproj", "{FD7BD41A-6A4B-4EA0-B05C-7C52697394D6}"
EndProject
Project("{2150E333-8FDC-42A3-9474-1A3956D46DE8}") = "SovosService", "SovosService", "{6399CFA1-5B59-D3A8-5967-DF6506646B26}"
EndProject
Project("{FAE04EC0-301F-11D3-BF4B-00C04F79EFBC}") = "SovosService.Api", "Services\SovosService\SovosService.Api\SovosService.Api.csproj", "{BAF06BA1-4AB0-4687-9578-BE5A1026D5F7}"
EndProject
Project("{FAE04EC0-301F-11D3-BF4B-00C04F79EFBC}") = "Sovos.IncomingInvoiceWorker", "Sovos\Sovos.IncomingInvoiceWorker\Sovos.IncomingInvoiceWorker.csproj", "{06D9B8B9-95E7-4D66-9585-FE73875235FE}"
EndProject
Project("{FAE04EC0-301F-11D3-BF4B-00C04F79EFBC}") = "CatalogService.UnitTests", "Services\CatalogService\CatalogService.UnitTests\CatalogService.UnitTests.csproj", "{3A4D76B0-0AF2-4640-B8EE-97D98E66D3C6}"
EndProject
Project("{FAE04EC0-301F-11D3-BF4B-00C04F79EFBC}") = "WebApp.UnitTests", "src\Client\BlazorWebApp\WebApp.UnitTests\WebApp.UnitTests.csproj", "{627B86C5-9B4F-4AED-BF23-7FD3D944DEB0}"
EndProject
Global
	GlobalSection(SolutionConfigurationPlatforms) = preSolution
		Debug|Any CPU = Debug|Any CPU
		Debug|x64 = Debug|x64
		Debug|x86 = Debug|x86
		Release|Any CPU = Release|Any CPU
		Release|x64 = Release|x64
		Release|x86 = Release|x86
	EndGlobalSection
	GlobalSection(ProjectConfigurationPlatforms) = postSolution
		{1BF0219A-D09B-4930-BD7C-FE48F6A110E6}.Debug|Any CPU.ActiveCfg = Debug|Any CPU
		{1BF0219A-D09B-4930-BD7C-FE48F6A110E6}.Debug|Any CPU.Build.0 = Debug|Any CPU
		{1BF0219A-D09B-4930-BD7C-FE48F6A110E6}.Debug|x64.ActiveCfg = Debug|Any CPU
		{1BF0219A-D09B-4930-BD7C-FE48F6A110E6}.Debug|x64.Build.0 = Debug|Any CPU
		{1BF0219A-D09B-4930-BD7C-FE48F6A110E6}.Debug|x86.ActiveCfg = Debug|Any CPU
		{1BF0219A-D09B-4930-BD7C-FE48F6A110E6}.Debug|x86.Build.0 = Debug|Any CPU
		{1BF0219A-D09B-4930-BD7C-FE48F6A110E6}.Release|Any CPU.ActiveCfg = Release|Any CPU
		{1BF0219A-D09B-4930-BD7C-FE48F6A110E6}.Release|Any CPU.Build.0 = Release|Any CPU
		{1BF0219A-D09B-4930-BD7C-FE48F6A110E6}.Release|x64.ActiveCfg = Release|Any CPU
		{1BF0219A-D09B-4930-BD7C-FE48F6A110E6}.Release|x64.Build.0 = Release|Any CPU
		{1BF0219A-D09B-4930-BD7C-FE48F6A110E6}.Release|x86.ActiveCfg = Release|Any CPU
		{1BF0219A-D09B-4930-BD7C-FE48F6A110E6}.Release|x86.Build.0 = Release|Any CPU
		{03E6780E-1A4F-4FE3-A99A-611DDE5BFA4F}.Debug|Any CPU.ActiveCfg = Debug|Any CPU
		{03E6780E-1A4F-4FE3-A99A-611DDE5BFA4F}.Debug|Any CPU.Build.0 = Debug|Any CPU
		{03E6780E-1A4F-4FE3-A99A-611DDE5BFA4F}.Debug|x64.ActiveCfg = Debug|Any CPU
		{03E6780E-1A4F-4FE3-A99A-611DDE5BFA4F}.Debug|x64.Build.0 = Debug|Any CPU
		{03E6780E-1A4F-4FE3-A99A-611DDE5BFA4F}.Debug|x86.ActiveCfg = Debug|Any CPU
		{03E6780E-1A4F-4FE3-A99A-611DDE5BFA4F}.Debug|x86.Build.0 = Debug|Any CPU
		{03E6780E-1A4F-4FE3-A99A-611DDE5BFA4F}.Release|Any CPU.ActiveCfg = Release|Any CPU
		{03E6780E-1A4F-4FE3-A99A-611DDE5BFA4F}.Release|Any CPU.Build.0 = Release|Any CPU
		{03E6780E-1A4F-4FE3-A99A-611DDE5BFA4F}.Release|x64.ActiveCfg = Release|Any CPU
		{03E6780E-1A4F-4FE3-A99A-611DDE5BFA4F}.Release|x64.Build.0 = Release|Any CPU
		{03E6780E-1A4F-4FE3-A99A-611DDE5BFA4F}.Release|x86.ActiveCfg = Release|Any CPU
		{03E6780E-1A4F-4FE3-A99A-611DDE5BFA4F}.Release|x86.Build.0 = Release|Any CPU
		{A40E5C86-6CB8-4DD1-AE60-E13918A4D671}.Debug|Any CPU.ActiveCfg = Debug|Any CPU
		{A40E5C86-6CB8-4DD1-AE60-E13918A4D671}.Debug|Any CPU.Build.0 = Debug|Any CPU
		{A40E5C86-6CB8-4DD1-AE60-E13918A4D671}.Debug|x64.ActiveCfg = Debug|Any CPU
		{A40E5C86-6CB8-4DD1-AE60-E13918A4D671}.Debug|x64.Build.0 = Debug|Any CPU
		{A40E5C86-6CB8-4DD1-AE60-E13918A4D671}.Debug|x86.ActiveCfg = Debug|Any CPU
		{A40E5C86-6CB8-4DD1-AE60-E13918A4D671}.Debug|x86.Build.0 = Debug|Any CPU
		{A40E5C86-6CB8-4DD1-AE60-E13918A4D671}.Release|Any CPU.ActiveCfg = Release|Any CPU
		{A40E5C86-6CB8-4DD1-AE60-E13918A4D671}.Release|Any CPU.Build.0 = Release|Any CPU
		{A40E5C86-6CB8-4DD1-AE60-E13918A4D671}.Release|x64.ActiveCfg = Release|Any CPU
		{A40E5C86-6CB8-4DD1-AE60-E13918A4D671}.Release|x64.Build.0 = Release|Any CPU
		{A40E5C86-6CB8-4DD1-AE60-E13918A4D671}.Release|x86.ActiveCfg = Release|Any CPU
		{A40E5C86-6CB8-4DD1-AE60-E13918A4D671}.Release|x86.Build.0 = Release|Any CPU
		{CC92B2F1-D780-4F5C-885E-A9839DB7F646}.Debug|Any CPU.ActiveCfg = Debug|Any CPU
		{CC92B2F1-D780-4F5C-885E-A9839DB7F646}.Debug|Any CPU.Build.0 = Debug|Any CPU
		{CC92B2F1-D780-4F5C-885E-A9839DB7F646}.Debug|x64.ActiveCfg = Debug|Any CPU
		{CC92B2F1-D780-4F5C-885E-A9839DB7F646}.Debug|x64.Build.0 = Debug|Any CPU
		{CC92B2F1-D780-4F5C-885E-A9839DB7F646}.Debug|x86.ActiveCfg = Debug|Any CPU
		{CC92B2F1-D780-4F5C-885E-A9839DB7F646}.Debug|x86.Build.0 = Debug|Any CPU
		{CC92B2F1-D780-4F5C-885E-A9839DB7F646}.Release|Any CPU.ActiveCfg = Release|Any CPU
		{CC92B2F1-D780-4F5C-885E-A9839DB7F646}.Release|Any CPU.Build.0 = Release|Any CPU
		{CC92B2F1-D780-4F5C-885E-A9839DB7F646}.Release|x64.ActiveCfg = Release|Any CPU
		{CC92B2F1-D780-4F5C-885E-A9839DB7F646}.Release|x64.Build.0 = Release|Any CPU
		{CC92B2F1-D780-4F5C-885E-A9839DB7F646}.Release|x86.ActiveCfg = Release|Any CPU
		{CC92B2F1-D780-4F5C-885E-A9839DB7F646}.Release|x86.Build.0 = Release|Any CPU
		{D7E03D93-710B-45A5-AB42-DAF016759FD9}.Debug|Any CPU.ActiveCfg = Debug|Any CPU
		{D7E03D93-710B-45A5-AB42-DAF016759FD9}.Debug|Any CPU.Build.0 = Debug|Any CPU
		{D7E03D93-710B-45A5-AB42-DAF016759FD9}.Debug|x64.ActiveCfg = Debug|Any CPU
		{D7E03D93-710B-45A5-AB42-DAF016759FD9}.Debug|x64.Build.0 = Debug|Any CPU
		{D7E03D93-710B-45A5-AB42-DAF016759FD9}.Debug|x86.ActiveCfg = Debug|Any CPU
		{D7E03D93-710B-45A5-AB42-DAF016759FD9}.Debug|x86.Build.0 = Debug|Any CPU
		{D7E03D93-710B-45A5-AB42-DAF016759FD9}.Release|Any CPU.ActiveCfg = Release|Any CPU
		{D7E03D93-710B-45A5-AB42-DAF016759FD9}.Release|Any CPU.Build.0 = Release|Any CPU
		{D7E03D93-710B-45A5-AB42-DAF016759FD9}.Release|x64.ActiveCfg = Release|Any CPU
		{D7E03D93-710B-45A5-AB42-DAF016759FD9}.Release|x64.Build.0 = Release|Any CPU
		{D7E03D93-710B-45A5-AB42-DAF016759FD9}.Release|x86.ActiveCfg = Release|Any CPU
		{D7E03D93-710B-45A5-AB42-DAF016759FD9}.Release|x86.Build.0 = Release|Any CPU
		{0461E531-5183-431A-A66A-12EB1D52B757}.Debug|Any CPU.ActiveCfg = Debug|Any CPU
		{0461E531-5183-431A-A66A-12EB1D52B757}.Debug|Any CPU.Build.0 = Debug|Any CPU
		{0461E531-5183-431A-A66A-12EB1D52B757}.Debug|x64.ActiveCfg = Debug|Any CPU
		{0461E531-5183-431A-A66A-12EB1D52B757}.Debug|x64.Build.0 = Debug|Any CPU
		{0461E531-5183-431A-A66A-12EB1D52B757}.Debug|x86.ActiveCfg = Debug|Any CPU
		{0461E531-5183-431A-A66A-12EB1D52B757}.Debug|x86.Build.0 = Debug|Any CPU
		{0461E531-5183-431A-A66A-12EB1D52B757}.Release|Any CPU.ActiveCfg = Release|Any CPU
		{0461E531-5183-431A-A66A-12EB1D52B757}.Release|Any CPU.Build.0 = Release|Any CPU
		{0461E531-5183-431A-A66A-12EB1D52B757}.Release|x64.ActiveCfg = Release|Any CPU
		{0461E531-5183-431A-A66A-12EB1D52B757}.Release|x64.Build.0 = Release|Any CPU
		{0461E531-5183-431A-A66A-12EB1D52B757}.Release|x86.ActiveCfg = Release|Any CPU
		{0461E531-5183-431A-A66A-12EB1D52B757}.Release|x86.Build.0 = Release|Any CPU
		{8E39DAA1-037A-43AE-8D35-7F993949F4A9}.Debug|Any CPU.ActiveCfg = Debug|Any CPU
		{8E39DAA1-037A-43AE-8D35-7F993949F4A9}.Debug|Any CPU.Build.0 = Debug|Any CPU
		{8E39DAA1-037A-43AE-8D35-7F993949F4A9}.Debug|x64.ActiveCfg = Debug|Any CPU
		{8E39DAA1-037A-43AE-8D35-7F993949F4A9}.Debug|x64.Build.0 = Debug|Any CPU
		{8E39DAA1-037A-43AE-8D35-7F993949F4A9}.Debug|x86.ActiveCfg = Debug|Any CPU
		{8E39DAA1-037A-43AE-8D35-7F993949F4A9}.Debug|x86.Build.0 = Debug|Any CPU
		{8E39DAA1-037A-43AE-8D35-7F993949F4A9}.Release|Any CPU.ActiveCfg = Release|Any CPU
		{8E39DAA1-037A-43AE-8D35-7F993949F4A9}.Release|Any CPU.Build.0 = Release|Any CPU
		{8E39DAA1-037A-43AE-8D35-7F993949F4A9}.Release|x64.ActiveCfg = Release|Any CPU
		{8E39DAA1-037A-43AE-8D35-7F993949F4A9}.Release|x64.Build.0 = Release|Any CPU
		{8E39DAA1-037A-43AE-8D35-7F993949F4A9}.Release|x86.ActiveCfg = Release|Any CPU
		{8E39DAA1-037A-43AE-8D35-7F993949F4A9}.Release|x86.Build.0 = Release|Any CPU
		{EEA6B069-1718-4234-8E5E-D81DFB9AC747}.Debug|Any CPU.ActiveCfg = Debug|Any CPU
		{EEA6B069-1718-4234-8E5E-D81DFB9AC747}.Debug|Any CPU.Build.0 = Debug|Any CPU
		{EEA6B069-1718-4234-8E5E-D81DFB9AC747}.Debug|x64.ActiveCfg = Debug|Any CPU
		{EEA6B069-1718-4234-8E5E-D81DFB9AC747}.Debug|x64.Build.0 = Debug|Any CPU
		{EEA6B069-1718-4234-8E5E-D81DFB9AC747}.Debug|x86.ActiveCfg = Debug|Any CPU
		{EEA6B069-1718-4234-8E5E-D81DFB9AC747}.Debug|x86.Build.0 = Debug|Any CPU
		{EEA6B069-1718-4234-8E5E-D81DFB9AC747}.Release|Any CPU.ActiveCfg = Release|Any CPU
		{EEA6B069-1718-4234-8E5E-D81DFB9AC747}.Release|Any CPU.Build.0 = Release|Any CPU
		{EEA6B069-1718-4234-8E5E-D81DFB9AC747}.Release|x64.ActiveCfg = Release|Any CPU
		{EEA6B069-1718-4234-8E5E-D81DFB9AC747}.Release|x64.Build.0 = Release|Any CPU
		{EEA6B069-1718-4234-8E5E-D81DFB9AC747}.Release|x86.ActiveCfg = Release|Any CPU
		{EEA6B069-1718-4234-8E5E-D81DFB9AC747}.Release|x86.Build.0 = Release|Any CPU
		{1912A3E3-D86E-480E-ABD3-F16C7B59A23C}.Debug|Any CPU.ActiveCfg = Debug|Any CPU
		{1912A3E3-D86E-480E-ABD3-F16C7B59A23C}.Debug|Any CPU.Build.0 = Debug|Any CPU
		{1912A3E3-D86E-480E-ABD3-F16C7B59A23C}.Debug|x64.ActiveCfg = Debug|Any CPU
		{1912A3E3-D86E-480E-ABD3-F16C7B59A23C}.Debug|x64.Build.0 = Debug|Any CPU
		{1912A3E3-D86E-480E-ABD3-F16C7B59A23C}.Debug|x86.ActiveCfg = Debug|Any CPU
		{1912A3E3-D86E-480E-ABD3-F16C7B59A23C}.Debug|x86.Build.0 = Debug|Any CPU
		{1912A3E3-D86E-480E-ABD3-F16C7B59A23C}.Release|Any CPU.ActiveCfg = Release|Any CPU
		{1912A3E3-D86E-480E-ABD3-F16C7B59A23C}.Release|Any CPU.Build.0 = Release|Any CPU
		{1912A3E3-D86E-480E-ABD3-F16C7B59A23C}.Release|x64.ActiveCfg = Release|Any CPU
		{1912A3E3-D86E-480E-ABD3-F16C7B59A23C}.Release|x64.Build.0 = Release|Any CPU
		{1912A3E3-D86E-480E-ABD3-F16C7B59A23C}.Release|x86.ActiveCfg = Release|Any CPU
		{1912A3E3-D86E-480E-ABD3-F16C7B59A23C}.Release|x86.Build.0 = Release|Any CPU
		{81DDED9D-158B-E303-5F62-77A2896D2A5A}.Debug|Any CPU.ActiveCfg = Debug|Any CPU
		{81DDED9D-158B-E303-5F62-77A2896D2A5A}.Debug|Any CPU.Build.0 = Debug|Any CPU
		{81DDED9D-158B-E303-5F62-77A2896D2A5A}.Debug|x64.ActiveCfg = Debug|x64
		{81DDED9D-158B-E303-5F62-77A2896D2A5A}.Debug|x86.ActiveCfg = Debug|x86
		{81DDED9D-158B-E303-5F62-77A2896D2A5A}.Release|Any CPU.ActiveCfg = Release|Any CPU
		{81DDED9D-158B-E303-5F62-77A2896D2A5A}.Release|Any CPU.Build.0 = Release|Any CPU
		{81DDED9D-158B-E303-5F62-77A2896D2A5A}.Release|x64.ActiveCfg = Release|x64
		{81DDED9D-158B-E303-5F62-77A2896D2A5A}.Release|x86.ActiveCfg = Release|x86
		{6CB4C2CA-B839-424A-9216-7AEA1AAA8319}.Debug|Any CPU.ActiveCfg = Debug|Any CPU
		{6CB4C2CA-B839-424A-9216-7AEA1AAA8319}.Debug|Any CPU.Build.0 = Debug|Any CPU
		{6CB4C2CA-B839-424A-9216-7AEA1AAA8319}.Debug|x64.ActiveCfg = Debug|Any CPU
		{6CB4C2CA-B839-424A-9216-7AEA1AAA8319}.Debug|x64.Build.0 = Debug|Any CPU
		{6CB4C2CA-B839-424A-9216-7AEA1AAA8319}.Debug|x86.ActiveCfg = Debug|Any CPU
		{6CB4C2CA-B839-424A-9216-7AEA1AAA8319}.Debug|x86.Build.0 = Debug|Any CPU
		{6CB4C2CA-B839-424A-9216-7AEA1AAA8319}.Release|Any CPU.ActiveCfg = Release|Any CPU
		{6CB4C2CA-B839-424A-9216-7AEA1AAA8319}.Release|Any CPU.Build.0 = Release|Any CPU
		{6CB4C2CA-B839-424A-9216-7AEA1AAA8319}.Release|x64.ActiveCfg = Release|Any CPU
		{6CB4C2CA-B839-424A-9216-7AEA1AAA8319}.Release|x64.Build.0 = Release|Any CPU
		{6CB4C2CA-B839-424A-9216-7AEA1AAA8319}.Release|x86.ActiveCfg = Release|Any CPU
		{6CB4C2CA-B839-424A-9216-7AEA1AAA8319}.Release|x86.Build.0 = Release|Any CPU
		{B8A1BE48-0566-48B0-9D53-9F2BBA367681}.Debug|Any CPU.ActiveCfg = Debug|Any CPU
		{B8A1BE48-0566-48B0-9D53-9F2BBA367681}.Debug|Any CPU.Build.0 = Debug|Any CPU
		{B8A1BE48-0566-48B0-9D53-9F2BBA367681}.Debug|x64.ActiveCfg = Debug|Any CPU
		{B8A1BE48-0566-48B0-9D53-9F2BBA367681}.Debug|x64.Build.0 = Debug|Any CPU
		{B8A1BE48-0566-48B0-9D53-9F2BBA367681}.Debug|x86.ActiveCfg = Debug|Any CPU
		{B8A1BE48-0566-48B0-9D53-9F2BBA367681}.Debug|x86.Build.0 = Debug|Any CPU
		{B8A1BE48-0566-48B0-9D53-9F2BBA367681}.Release|Any CPU.ActiveCfg = Release|Any CPU
		{B8A1BE48-0566-48B0-9D53-9F2BBA367681}.Release|Any CPU.Build.0 = Release|Any CPU
		{B8A1BE48-0566-48B0-9D53-9F2BBA367681}.Release|x64.ActiveCfg = Release|Any CPU
		{B8A1BE48-0566-48B0-9D53-9F2BBA367681}.Release|x64.Build.0 = Release|Any CPU
		{B8A1BE48-0566-48B0-9D53-9F2BBA367681}.Release|x86.ActiveCfg = Release|Any CPU
		{B8A1BE48-0566-48B0-9D53-9F2BBA367681}.Release|x86.Build.0 = Release|Any CPU
		{42C0F09E-003A-491D-8665-45715702D5F8}.Debug|Any CPU.ActiveCfg = Debug|Any CPU
		{42C0F09E-003A-491D-8665-45715702D5F8}.Debug|Any CPU.Build.0 = Debug|Any CPU
		{42C0F09E-003A-491D-8665-45715702D5F8}.Debug|x64.ActiveCfg = Debug|Any CPU
		{42C0F09E-003A-491D-8665-45715702D5F8}.Debug|x64.Build.0 = Debug|Any CPU
		{42C0F09E-003A-491D-8665-45715702D5F8}.Debug|x86.ActiveCfg = Debug|Any CPU
		{42C0F09E-003A-491D-8665-45715702D5F8}.Debug|x86.Build.0 = Debug|Any CPU
		{42C0F09E-003A-491D-8665-45715702D5F8}.Release|Any CPU.ActiveCfg = Release|Any CPU
		{42C0F09E-003A-491D-8665-45715702D5F8}.Release|Any CPU.Build.0 = Release|Any CPU
		{42C0F09E-003A-491D-8665-45715702D5F8}.Release|x64.ActiveCfg = Release|Any CPU
		{42C0F09E-003A-491D-8665-45715702D5F8}.Release|x64.Build.0 = Release|Any CPU
		{42C0F09E-003A-491D-8665-45715702D5F8}.Release|x86.ActiveCfg = Release|Any CPU
		{42C0F09E-003A-491D-8665-45715702D5F8}.Release|x86.Build.0 = Release|Any CPU
		{5FBCDA32-E6F5-4A19-9535-A21DD8AD055E}.Debug|Any CPU.ActiveCfg = Debug|Any CPU
		{5FBCDA32-E6F5-4A19-9535-A21DD8AD055E}.Debug|Any CPU.Build.0 = Debug|Any CPU
		{5FBCDA32-E6F5-4A19-9535-A21DD8AD055E}.Debug|x64.ActiveCfg = Debug|Any CPU
		{5FBCDA32-E6F5-4A19-9535-A21DD8AD055E}.Debug|x64.Build.0 = Debug|Any CPU
		{5FBCDA32-E6F5-4A19-9535-A21DD8AD055E}.Debug|x86.ActiveCfg = Debug|Any CPU
		{5FBCDA32-E6F5-4A19-9535-A21DD8AD055E}.Debug|x86.Build.0 = Debug|Any CPU
		{5FBCDA32-E6F5-4A19-9535-A21DD8AD055E}.Release|Any CPU.ActiveCfg = Release|Any CPU
		{5FBCDA32-E6F5-4A19-9535-A21DD8AD055E}.Release|Any CPU.Build.0 = Release|Any CPU
		{5FBCDA32-E6F5-4A19-9535-A21DD8AD055E}.Release|x64.ActiveCfg = Release|Any CPU
		{5FBCDA32-E6F5-4A19-9535-A21DD8AD055E}.Release|x64.Build.0 = Release|Any CPU
		{5FBCDA32-E6F5-4A19-9535-A21DD8AD055E}.Release|x86.ActiveCfg = Release|Any CPU
		{5FBCDA32-E6F5-4A19-9535-A21DD8AD055E}.Release|x86.Build.0 = Release|Any CPU
		{6DD28E0E-A19B-42F1-855C-D4EC52F5125B}.Debug|Any CPU.ActiveCfg = Debug|Any CPU
		{6DD28E0E-A19B-42F1-855C-D4EC52F5125B}.Debug|Any CPU.Build.0 = Debug|Any CPU
		{6DD28E0E-A19B-42F1-855C-D4EC52F5125B}.Debug|x64.ActiveCfg = Debug|Any CPU
		{6DD28E0E-A19B-42F1-855C-D4EC52F5125B}.Debug|x64.Build.0 = Debug|Any CPU
		{6DD28E0E-A19B-42F1-855C-D4EC52F5125B}.Debug|x86.ActiveCfg = Debug|Any CPU
		{6DD28E0E-A19B-42F1-855C-D4EC52F5125B}.Debug|x86.Build.0 = Debug|Any CPU
		{6DD28E0E-A19B-42F1-855C-D4EC52F5125B}.Release|Any CPU.ActiveCfg = Release|Any CPU
		{6DD28E0E-A19B-42F1-855C-D4EC52F5125B}.Release|Any CPU.Build.0 = Release|Any CPU
		{6DD28E0E-A19B-42F1-855C-D4EC52F5125B}.Release|x64.ActiveCfg = Release|Any CPU
		{6DD28E0E-A19B-42F1-855C-D4EC52F5125B}.Release|x64.Build.0 = Release|Any CPU
		{6DD28E0E-A19B-42F1-855C-D4EC52F5125B}.Release|x86.ActiveCfg = Release|Any CPU
		{6DD28E0E-A19B-42F1-855C-D4EC52F5125B}.Release|x86.Build.0 = Release|Any CPU
		{FD7BD41A-6A4B-4EA0-B05C-7C52697394D6}.Debug|Any CPU.ActiveCfg = Debug|Any CPU
		{FD7BD41A-6A4B-4EA0-B05C-7C52697394D6}.Debug|Any CPU.Build.0 = Debug|Any CPU
		{FD7BD41A-6A4B-4EA0-B05C-7C52697394D6}.Debug|x64.ActiveCfg = Debug|Any CPU
		{FD7BD41A-6A4B-4EA0-B05C-7C52697394D6}.Debug|x64.Build.0 = Debug|Any CPU
		{FD7BD41A-6A4B-4EA0-B05C-7C52697394D6}.Debug|x86.ActiveCfg = Debug|Any CPU
		{FD7BD41A-6A4B-4EA0-B05C-7C52697394D6}.Debug|x86.Build.0 = Debug|Any CPU
		{FD7BD41A-6A4B-4EA0-B05C-7C52697394D6}.Release|Any CPU.ActiveCfg = Release|Any CPU
		{FD7BD41A-6A4B-4EA0-B05C-7C52697394D6}.Release|Any CPU.Build.0 = Release|Any CPU
		{FD7BD41A-6A4B-4EA0-B05C-7C52697394D6}.Release|x64.ActiveCfg = Release|Any CPU
		{FD7BD41A-6A4B-4EA0-B05C-7C52697394D6}.Release|x64.Build.0 = Release|Any CPU
		{FD7BD41A-6A4B-4EA0-B05C-7C52697394D6}.Release|x86.ActiveCfg = Release|Any CPU
		{FD7BD41A-6A4B-4EA0-B05C-7C52697394D6}.Release|x86.Build.0 = Release|Any CPU
		{BAF06BA1-4AB0-4687-9578-BE5A1026D5F7}.Debug|Any CPU.ActiveCfg = Debug|Any CPU
		{BAF06BA1-4AB0-4687-9578-BE5A1026D5F7}.Debug|Any CPU.Build.0 = Debug|Any CPU
		{BAF06BA1-4AB0-4687-9578-BE5A1026D5F7}.Debug|x64.ActiveCfg = Debug|Any CPU
		{BAF06BA1-4AB0-4687-9578-BE5A1026D5F7}.Debug|x64.Build.0 = Debug|Any CPU
		{BAF06BA1-4AB0-4687-9578-BE5A1026D5F7}.Debug|x86.ActiveCfg = Debug|Any CPU
		{BAF06BA1-4AB0-4687-9578-BE5A1026D5F7}.Debug|x86.Build.0 = Debug|Any CPU
		{BAF06BA1-4AB0-4687-9578-BE5A1026D5F7}.Release|Any CPU.ActiveCfg = Release|Any CPU
		{BAF06BA1-4AB0-4687-9578-BE5A1026D5F7}.Release|Any CPU.Build.0 = Release|Any CPU
		{BAF06BA1-4AB0-4687-9578-BE5A1026D5F7}.Release|x64.ActiveCfg = Release|Any CPU
		{BAF06BA1-4AB0-4687-9578-BE5A1026D5F7}.Release|x64.Build.0 = Release|Any CPU
		{BAF06BA1-4AB0-4687-9578-BE5A1026D5F7}.Release|x86.ActiveCfg = Release|Any CPU
		{BAF06BA1-4AB0-4687-9578-BE5A1026D5F7}.Release|x86.Build.0 = Release|Any CPU
		{06D9B8B9-95E7-4D66-9585-FE73875235FE}.Debug|Any CPU.ActiveCfg = Debug|Any CPU
		{06D9B8B9-95E7-4D66-9585-FE73875235FE}.Debug|Any CPU.Build.0 = Debug|Any CPU
		{06D9B8B9-95E7-4D66-9585-FE73875235FE}.Debug|x64.ActiveCfg = Debug|Any CPU
		{06D9B8B9-95E7-4D66-9585-FE73875235FE}.Debug|x64.Build.0 = Debug|Any CPU
		{06D9B8B9-95E7-4D66-9585-FE73875235FE}.Debug|x86.ActiveCfg = Debug|Any CPU
		{06D9B8B9-95E7-4D66-9585-FE73875235FE}.Debug|x86.Build.0 = Debug|Any CPU
		{06D9B8B9-95E7-4D66-9585-FE73875235FE}.Release|Any CPU.ActiveCfg = Release|Any CPU
		{06D9B8B9-95E7-4D66-9585-FE73875235FE}.Release|Any CPU.Build.0 = Release|Any CPU
		{06D9B8B9-95E7-4D66-9585-FE73875235FE}.Release|x64.ActiveCfg = Release|Any CPU
		{06D9B8B9-95E7-4D66-9585-FE73875235FE}.Release|x64.Build.0 = Release|Any CPU
		{06D9B8B9-95E7-4D66-9585-FE73875235FE}.Release|x86.ActiveCfg = Release|Any CPU
		{06D9B8B9-95E7-4D66-9585-FE73875235FE}.Release|x86.Build.0 = Release|Any CPU
		{3A4D76B0-0AF2-4640-B8EE-97D98E66D3C6}.Debug|Any CPU.ActiveCfg = Debug|Any CPU
		{3A4D76B0-0AF2-4640-B8EE-97D98E66D3C6}.Debug|Any CPU.Build.0 = Debug|Any CPU
		{3A4D76B0-0AF2-4640-B8EE-97D98E66D3C6}.Debug|x64.ActiveCfg = Debug|Any CPU
		{3A4D76B0-0AF2-4640-B8EE-97D98E66D3C6}.Debug|x64.Build.0 = Debug|Any CPU
		{3A4D76B0-0AF2-4640-B8EE-97D98E66D3C6}.Debug|x86.ActiveCfg = Debug|Any CPU
		{3A4D76B0-0AF2-4640-B8EE-97D98E66D3C6}.Debug|x86.Build.0 = Debug|Any CPU
		{3A4D76B0-0AF2-4640-B8EE-97D98E66D3C6}.Release|Any CPU.ActiveCfg = Release|Any CPU
		{3A4D76B0-0AF2-4640-B8EE-97D98E66D3C6}.Release|Any CPU.Build.0 = Release|Any CPU
		{3A4D76B0-0AF2-4640-B8EE-97D98E66D3C6}.Release|x64.ActiveCfg = Release|Any CPU
		{3A4D76B0-0AF2-4640-B8EE-97D98E66D3C6}.Release|x64.Build.0 = Release|Any CPU
		{3A4D76B0-0AF2-4640-B8EE-97D98E66D3C6}.Release|x86.ActiveCfg = Release|Any CPU
		{3A4D76B0-0AF2-4640-B8EE-97D98E66D3C6}.Release|x86.Build.0 = Release|Any CPU
		{627B86C5-9B4F-4AED-BF23-7FD3D944DEB0}.Debug|Any CPU.ActiveCfg = Debug|Any CPU
		{627B86C5-9B4F-4AED-BF23-7FD3D944DEB0}.Debug|Any CPU.Build.0 = Debug|Any CPU
		{627B86C5-9B4F-4AED-BF23-7FD3D944DEB0}.Debug|x64.ActiveCfg = Debug|Any CPU
		{627B86C5-9B4F-4AED-BF23-7FD3D944DEB0}.Debug|x64.Build.0 = Debug|Any CPU
		{627B86C5-9B4F-4AED-BF23-7FD3D944DEB0}.Debug|x86.ActiveCfg = Debug|Any CPU
		{627B86C5-9B4F-4AED-BF23-7FD3D944DEB0}.Debug|x86.Build.0 = Debug|Any CPU
		{627B86C5-9B4F-4AED-BF23-7FD3D944DEB0}.Release|Any CPU.ActiveCfg = Release|Any CPU
		{627B86C5-9B4F-4AED-BF23-7FD3D944DEB0}.Release|Any CPU.Build.0 = Release|Any CPU
		{627B86C5-9B4F-4AED-BF23-7FD3D944DEB0}.Release|x64.ActiveCfg = Release|Any CPU
		{627B86C5-9B4F-4AED-BF23-7FD3D944DEB0}.Release|x64.Build.0 = Release|Any CPU
		{627B86C5-9B4F-4AED-BF23-7FD3D944DEB0}.Release|x86.ActiveCfg = Release|Any CPU
		{627B86C5-9B4F-4AED-BF23-7FD3D944DEB0}.Release|x86.Build.0 = Release|Any CPU
	EndGlobalSection
	GlobalSection(SolutionProperties) = preSolution
		HideSolutionNode = FALSE
	EndGlobalSection
	GlobalSection(NestedProjects) = preSolution
		{1BF0219A-D09B-4930-BD7C-FE48F6A110E6} = {986184D3-9A7D-4066-8A30-FAC090F771DB}
		{03E6780E-1A4F-4FE3-A99A-611DDE5BFA4F} = {986184D3-9A7D-4066-8A30-FAC090F771DB}
		{A40E5C86-6CB8-4DD1-AE60-E13918A4D671} = {986184D3-9A7D-4066-8A30-FAC090F771DB}
		{CC92B2F1-D780-4F5C-885E-A9839DB7F646} = {986184D3-9A7D-4066-8A30-FAC090F771DB}
		{D7E03D93-710B-45A5-AB42-DAF016759FD9} = {986184D3-9A7D-4066-8A30-FAC090F771DB}
		{68C90571-4547-4491-ADBC-828639374EA2} = {02EA681E-C7D8-13C7-8484-4AC65E1B71E8}
		{0461E531-5183-431A-A66A-12EB1D52B757} = {68C90571-4547-4491-ADBC-828639374EA2}
		{9141B485-B5DF-43EE-ADEF-BA0B4B6B0519} = {7C5D1227-4E00-4208-A1AB-369C2EFAB6FB}
		{54944729-851F-464B-9B23-4F5EBEDD86B9} = {9141B485-B5DF-43EE-ADEF-BA0B4B6B0519}
		{8E39DAA1-037A-43AE-8D35-7F993949F4A9} = {54944729-851F-464B-9B23-4F5EBEDD86B9}
		{F00B36FE-DEBF-4B97-99A5-EF9E0835C582} = {7C5D1227-4E00-4208-A1AB-369C2EFAB6FB}
		{ACE8DB58-5B56-45AD-AC08-D0682D114E0A} = {F00B36FE-DEBF-4B97-99A5-EF9E0835C582}
		{EEA6B069-1718-4234-8E5E-D81DFB9AC747} = {ACE8DB58-5B56-45AD-AC08-D0682D114E0A}
		{0907D5CC-FBF1-4BA9-A63D-9B6D7BA13E00} = {02EA681E-C7D8-13C7-8484-4AC65E1B71E8}
		{1912A3E3-D86E-480E-ABD3-F16C7B59A23C} = {0907D5CC-FBF1-4BA9-A63D-9B6D7BA13E00}
		{6B383927-837A-41CF-BFF6-D46FC557D8C8} = {02EA681E-C7D8-13C7-8484-4AC65E1B71E8}
		{6CB4C2CA-B839-424A-9216-7AEA1AAA8319} = {6B383927-837A-41CF-BFF6-D46FC557D8C8}
		{0B20C76B-62F2-4839-932E-6BADFB5FC08D} = {F5E3CC63-52A5-4F28-8342-B51C1E8FA413}
		{B31F8216-A56C-4F3E-95F5-4184869C8769} = {02EA681E-C7D8-13C7-8484-4AC65E1B71E8}
		{B8A1BE48-0566-48B0-9D53-9F2BBA367681} = {B31F8216-A56C-4F3E-95F5-4184869C8769}
		{986184D3-9A7D-4066-8A30-FAC090F771DB} = {7C5D1227-4E00-4208-A1AB-369C2EFAB6FB}
		{43E39784-810D-46CC-B985-2945714260C5} = {02EA681E-C7D8-13C7-8484-4AC65E1B71E8}
		{42C0F09E-003A-491D-8665-45715702D5F8} = {43E39784-810D-46CC-B985-2945714260C5}
		{5FBCDA32-E6F5-4A19-9535-A21DD8AD055E} = {99A95BB5-35C2-DB0B-2927-09C59EB8DA8A}
		{6DD28E0E-A19B-42F1-855C-D4EC52F5125B} = {99A95BB5-35C2-DB0B-2927-09C59EB8DA8A}
		{FD7BD41A-6A4B-4EA0-B05C-7C52697394D6} = {99A95BB5-35C2-DB0B-2927-09C59EB8DA8A}
		{6399CFA1-5B59-D3A8-5967-DF6506646B26} = {02EA681E-C7D8-13C7-8484-4AC65E1B71E8}
		{BAF06BA1-4AB0-4687-9578-BE5A1026D5F7} = {6399CFA1-5B59-D3A8-5967-DF6506646B26}
		{06D9B8B9-95E7-4D66-9585-FE73875235FE} = {99A95BB5-35C2-DB0B-2927-09C59EB8DA8A}
		{3A4D76B0-0AF2-4640-B8EE-97D98E66D3C6} = {0907D5CC-FBF1-4BA9-A63D-9B6D7BA13E00}
		{627B86C5-9B4F-4AED-BF23-7FD3D944DEB0} = {ACE8DB58-5B56-45AD-AC08-D0682D114E0A}
	EndGlobalSection
	GlobalSection(ExtensibilityGlobals) = postSolution
		SolutionGuid = {E67C885E-7DF1-44F0-A36A-69C0D39A3F3F}
	EndGlobalSection
EndGlobal
